
Microsoft Visual Studio Solution File, Format Version 12.00
# Visual Studio Version 17
VisualStudioVersion = 17.5.002.0
MinimumVisualStudioVersion = 10.0.40219.1
Project("{2150E333-8FDC-42A3-9474-1A3956D46DE8}") = "Aula_1", "Aula_1", "{3796C4EB-93F0-4CB5-B706-E05F1C4A4C72}"
EndProject
Project("{9A19103F-16F7-4668-BE54-9A1E7A4F7556}") = "Exemplo_1", "Aula_1\Exemplo_1\Exemplo_1.csproj", "{E10E0B6E-14A2-4B5F-9D43-6303EEAA9698}"
EndProject
Project("{FAE04EC0-301F-11D3-BF4B-00C04F79EFBC}") = "Aula_2", "Aula_2\Aula_2.csproj", "{FED2616E-382E-426B-B36C-672BE9DCE7BE}"
EndProject
Project("{FAE04EC0-301F-11D3-BF4B-00C04F79EFBC}") = "Aula_3", "Aula_3\Aula_3.csproj", "{100BE1F3-DCA8-4242-8C74-DCD0F3DB2271}"
EndProject
Project("{FAE04EC0-301F-11D3-BF4B-00C04F79EFBC}") = "Aula_4", "Aula_4\Aula_4.csproj", "{D330018E-75B2-4CC8-9760-365C5B331247}"
EndProject
Project("{FAE04EC0-301F-11D3-BF4B-00C04F79EFBC}") = "Aula_5", "Aula_5\Aula_5.csproj", "{086B275C-5F8A-4F61-959D-73B1BA89D34F}"
EndProject
Project("{FAE04EC0-301F-11D3-BF4B-00C04F79EFBC}") = "Aula_6", "Aula_6\Aula_6.csproj", "{4935443F-1395-472B-BD04-E0F4F2CCFA25}"
EndProject
Project("{FAE04EC0-301F-11D3-BF4B-00C04F79EFBC}") = "Aula_7", "Aula_7\Aula_7.csproj", "{CE97B844-B318-4997-99FB-708E5BD2BD2C}"
EndProject
Project("{FAE04EC0-301F-11D3-BF4B-00C04F79EFBC}") = "Exercicios_Vet_Matriz", "Exercicios_Vet_Matriz\Exercicios_Vet_Matriz.csproj", "{49C8526E-F2B5-4A0D-A42F-2A81023B321E}"
EndProject
Project("{FAE04EC0-301F-11D3-BF4B-00C04F79EFBC}") = "Aula_8", "Aula_8\Aula_8.csproj", "{161CEEC6-A7C2-4CDB-AFFB-89BDAB597833}"
EndProject
Project("{FAE04EC0-301F-11D3-BF4B-00C04F79EFBC}") = "Aula_9", "Aula_9\Aula_9.csproj", "{6466D4EE-942C-427C-9600-3C75ECC50BD1}"
EndProject
Project("{FAE04EC0-301F-11D3-BF4B-00C04F79EFBC}") = "Aula_10", "Aula_10\Aula_10.csproj", "{01721628-2FFD-478A-99CF-9FC4AA349F0F}"
EndProject
Project("{FAE04EC0-301F-11D3-BF4B-00C04F79EFBC}") = "Aula_11", "Aula_11\Aula_11.csproj", "{FD0AC730-523F-4404-BCA0-DAA17743BADF}"
EndProject
Project("{FAE04EC0-301F-11D3-BF4B-00C04F79EFBC}") = "Aula_12", "Aula_12\Aula_12.csproj", "{D71B1BF3-963F-4995-98B9-768DB53AD45F}"
EndProject
Project("{FAE04EC0-301F-11D3-BF4B-00C04F79EFBC}") = "Aula_13", "Aula_13\Aula_13.csproj", "{8F420862-17E4-4AD7-B13A-1BEE7037EC2F}"
EndProject
Project("{FAE04EC0-301F-11D3-BF4B-00C04F79EFBC}") = "Aula_14", "Aula_14\Aula_14.csproj", "{4DC7B1E7-06F5-4B44-9664-D2EBADFBFBE9}"
EndProject
Global
	GlobalSection(SolutionConfigurationPlatforms) = preSolution
		Debug|Any CPU = Debug|Any CPU
		Release|Any CPU = Release|Any CPU
	EndGlobalSection
	GlobalSection(ProjectConfigurationPlatforms) = postSolution
		{E10E0B6E-14A2-4B5F-9D43-6303EEAA9698}.Debug|Any CPU.ActiveCfg = Debug|Any CPU
		{E10E0B6E-14A2-4B5F-9D43-6303EEAA9698}.Debug|Any CPU.Build.0 = Debug|Any CPU
		{E10E0B6E-14A2-4B5F-9D43-6303EEAA9698}.Release|Any CPU.ActiveCfg = Release|Any CPU
		{E10E0B6E-14A2-4B5F-9D43-6303EEAA9698}.Release|Any CPU.Build.0 = Release|Any CPU
		{FED2616E-382E-426B-B36C-672BE9DCE7BE}.Debug|Any CPU.ActiveCfg = Debug|Any CPU
		{FED2616E-382E-426B-B36C-672BE9DCE7BE}.Debug|Any CPU.Build.0 = Debug|Any CPU
		{FED2616E-382E-426B-B36C-672BE9DCE7BE}.Release|Any CPU.ActiveCfg = Release|Any CPU
		{FED2616E-382E-426B-B36C-672BE9DCE7BE}.Release|Any CPU.Build.0 = Release|Any CPU
		{100BE1F3-DCA8-4242-8C74-DCD0F3DB2271}.Debug|Any CPU.ActiveCfg = Debug|Any CPU
		{100BE1F3-DCA8-4242-8C74-DCD0F3DB2271}.Debug|Any CPU.Build.0 = Debug|Any CPU
		{100BE1F3-DCA8-4242-8C74-DCD0F3DB2271}.Release|Any CPU.ActiveCfg = Release|Any CPU
		{100BE1F3-DCA8-4242-8C74-DCD0F3DB2271}.Release|Any CPU.Build.0 = Release|Any CPU
		{D330018E-75B2-4CC8-9760-365C5B331247}.Debug|Any CPU.ActiveCfg = Debug|Any CPU
		{D330018E-75B2-4CC8-9760-365C5B331247}.Debug|Any CPU.Build.0 = Debug|Any CPU
		{D330018E-75B2-4CC8-9760-365C5B331247}.Release|Any CPU.ActiveCfg = Release|Any CPU
		{D330018E-75B2-4CC8-9760-365C5B331247}.Release|Any CPU.Build.0 = Release|Any CPU
		{086B275C-5F8A-4F61-959D-73B1BA89D34F}.Debug|Any CPU.ActiveCfg = Debug|Any CPU
		{086B275C-5F8A-4F61-959D-73B1BA89D34F}.Debug|Any CPU.Build.0 = Debug|Any CPU
		{086B275C-5F8A-4F61-959D-73B1BA89D34F}.Release|Any CPU.ActiveCfg = Release|Any CPU
		{086B275C-5F8A-4F61-959D-73B1BA89D34F}.Release|Any CPU.Build.0 = Release|Any CPU
		{4935443F-1395-472B-BD04-E0F4F2CCFA25}.Debug|Any CPU.ActiveCfg = Debug|Any CPU
		{4935443F-1395-472B-BD04-E0F4F2CCFA25}.Debug|Any CPU.Build.0 = Debug|Any CPU
		{4935443F-1395-472B-BD04-E0F4F2CCFA25}.Release|Any CPU.ActiveCfg = Release|Any CPU
		{4935443F-1395-472B-BD04-E0F4F2CCFA25}.Release|Any CPU.Build.0 = Release|Any CPU
		{CE97B844-B318-4997-99FB-708E5BD2BD2C}.Debug|Any CPU.ActiveCfg = Debug|Any CPU
		{CE97B844-B318-4997-99FB-708E5BD2BD2C}.Debug|Any CPU.Build.0 = Debug|Any CPU
		{CE97B844-B318-4997-99FB-708E5BD2BD2C}.Release|Any CPU.ActiveCfg = Release|Any CPU
		{CE97B844-B318-4997-99FB-708E5BD2BD2C}.Release|Any CPU.Build.0 = Release|Any CPU
		{49C8526E-F2B5-4A0D-A42F-2A81023B321E}.Debug|Any CPU.ActiveCfg = Debug|Any CPU
		{49C8526E-F2B5-4A0D-A42F-2A81023B321E}.Debug|Any CPU.Build.0 = Debug|Any CPU
		{49C8526E-F2B5-4A0D-A42F-2A81023B321E}.Release|Any CPU.ActiveCfg = Release|Any CPU
		{49C8526E-F2B5-4A0D-A42F-2A81023B321E}.Release|Any CPU.Build.0 = Release|Any CPU
		{161CEEC6-A7C2-4CDB-AFFB-89BDAB597833}.Debug|Any CPU.ActiveCfg = Debug|Any CPU
		{161CEEC6-A7C2-4CDB-AFFB-89BDAB597833}.Debug|Any CPU.Build.0 = Debug|Any CPU
		{161CEEC6-A7C2-4CDB-AFFB-89BDAB597833}.Release|Any CPU.ActiveCfg = Release|Any CPU
		{161CEEC6-A7C2-4CDB-AFFB-89BDAB597833}.Release|Any CPU.Build.0 = Release|Any CPU
		{6466D4EE-942C-427C-9600-3C75ECC50BD1}.Debug|Any CPU.ActiveCfg = Debug|Any CPU
		{6466D4EE-942C-427C-9600-3C75ECC50BD1}.Debug|Any CPU.Build.0 = Debug|Any CPU
		{6466D4EE-942C-427C-9600-3C75ECC50BD1}.Release|Any CPU.ActiveCfg = Release|Any CPU
		{6466D4EE-942C-427C-9600-3C75ECC50BD1}.Release|Any CPU.Build.0 = Release|Any CPU
		{01721628-2FFD-478A-99CF-9FC4AA349F0F}.Debug|Any CPU.ActiveCfg = Debug|Any CPU
		{01721628-2FFD-478A-99CF-9FC4AA349F0F}.Debug|Any CPU.Build.0 = Debug|Any CPU
		{01721628-2FFD-478A-99CF-9FC4AA349F0F}.Release|Any CPU.ActiveCfg = Release|Any CPU
		{01721628-2FFD-478A-99CF-9FC4AA349F0F}.Release|Any CPU.Build.0 = Release|Any CPU
		{FD0AC730-523F-4404-BCA0-DAA17743BADF}.Debug|Any CPU.ActiveCfg = Debug|Any CPU
		{FD0AC730-523F-4404-BCA0-DAA17743BADF}.Debug|Any CPU.Build.0 = Debug|Any CPU
		{FD0AC730-523F-4404-BCA0-DAA17743BADF}.Release|Any CPU.ActiveCfg = Release|Any CPU
		{FD0AC730-523F-4404-BCA0-DAA17743BADF}.Release|Any CPU.Build.0 = Release|Any CPU
		{D71B1BF3-963F-4995-98B9-768DB53AD45F}.Debug|Any CPU.ActiveCfg = Debug|Any CPU
		{D71B1BF3-963F-4995-98B9-768DB53AD45F}.Debug|Any CPU.Build.0 = Debug|Any CPU
		{D71B1BF3-963F-4995-98B9-768DB53AD45F}.Release|Any CPU.ActiveCfg = Release|Any CPU
		{D71B1BF3-963F-4995-98B9-768DB53AD45F}.Release|Any CPU.Build.0 = Release|Any CPU
		{8F420862-17E4-4AD7-B13A-1BEE7037EC2F}.Debug|Any CPU.ActiveCfg = Debug|Any CPU
		{8F420862-17E4-4AD7-B13A-1BEE7037EC2F}.Debug|Any CPU.Build.0 = Debug|Any CPU
		{8F420862-17E4-4AD7-B13A-1BEE7037EC2F}.Release|Any CPU.ActiveCfg = Release|Any CPU
		{8F420862-17E4-4AD7-B13A-1BEE7037EC2F}.Release|Any CPU.Build.0 = Release|Any CPU
		{4DC7B1E7-06F5-4B44-9664-D2EBADFBFBE9}.Debug|Any CPU.ActiveCfg = Debug|Any CPU
		{4DC7B1E7-06F5-4B44-9664-D2EBADFBFBE9}.Debug|Any CPU.Build.0 = Debug|Any CPU
		{4DC7B1E7-06F5-4B44-9664-D2EBADFBFBE9}.Release|Any CPU.ActiveCfg = Release|Any CPU
		{4DC7B1E7-06F5-4B44-9664-D2EBADFBFBE9}.Release|Any CPU.Build.0 = Release|Any CPU
	EndGlobalSection
	GlobalSection(SolutionProperties) = preSolution
		HideSolutionNode = FALSE
	EndGlobalSection
	GlobalSection(NestedProjects) = preSolution
		{E10E0B6E-14A2-4B5F-9D43-6303EEAA9698} = {3796C4EB-93F0-4CB5-B706-E05F1C4A4C72}
	EndGlobalSection
	GlobalSection(ExtensibilityGlobals) = postSolution
		SolutionGuid = {63CC4B4A-C885-4569-A4D9-FB4F829B31D9}
	EndGlobalSection
EndGlobal
